<Solution>
  <Folder Name="/src/" />
  <Folder Name="/src/ApiEndpoints/">
    <Project Path="src/ApiEndpoints/Minimal.Api/Minimal.Api.csproj" />
    <Project Path="src/ApiEndpoints/Minimal.App.BDDTests/Minimal.App.BDDTests.csproj" />
    <Project Path="src/ApiEndpoints/Minimal.App.Tests/Minimal.App.Tests.csproj" />
    <Project Path="src/ApiEndpoints/Minimal.App.TestSupport/Minimal.App.TestSupport.csproj" />
    <Project Path="src/ApiEndpoints/Minimal.AppHost/Minimal.AppHost.csproj" />
    <Project Path="src/ApiEndpoints/Minimal.AppServices/Minimal.AppServices.csproj" />
    <Project Path="src/ApiEndpoints/Minimal.Domains/Minimal.Domains.csproj" />
    <Project Path="src/ApiEndpoints/Minimal.Infra/Minimal.Infra.csproj" />
    <Project Path="src/ApiEndpoints/Minimal.Share/Minimal.Share.csproj" />
  </Folder>
  <Folder Name="/tests/">
    <Project Path="tests/DKNet.Templates.ScaffoldTests/DKNet.Templates.ScaffoldTests.csproj" />
  </Folder>
</Solution>
