
Microsoft Visual Studio Solution File, Format Version 12.00
Project("{2150E333-8FDC-42A3-9474-1A3956D46DE8}") = "SlimBus.ApiEndpoints", "SlimBus.ApiEndpoints", "{5217F0FC-7FBA-4FB2-9B86-9BCD8969049E}"
EndProject
Project("{FAE04EC0-301F-11D3-BF4B-00C04F79EFBC}") = "SlimBus.Share", "SlimBus.ApiEndpoints\SlimBus.Share\SlimBus.Share.csproj", "{F18DEA7D-11DE-4EC3-9FC6-7F2AAC1AA511}"
EndProject
Project("{FAE04EC0-301F-11D3-BF4B-00C04F79EFBC}") = "SlimBus.Infra", "SlimBus.ApiEndpoints\SlimBus.Infra\SlimBus.Infra.csproj", "{B801C80D-7DDC-44ED-8FCD-E190A9BAF412}"
EndProject
Project("{FAE04EC0-301F-11D3-BF4B-00C04F79EFBC}") = "SlimBus.Domains", "SlimBus.ApiEndpoints\SlimBus.Domains\SlimBus.Domains.csproj", "{6D8041F2-76CA-4360-98DF-A02083827EDE}"
EndProject
Project("{FAE04EC0-301F-11D3-BF4B-00C04F79EFBC}") = "SlimBus.AppServices", "SlimBus.ApiEndpoints\SlimBus.AppServices\SlimBus.AppServices.csproj", "{CC11A264-30B6-4069-8DFA-AFCA8177A01E}"
EndProject
Project("{FAE04EC0-301F-11D3-BF4B-00C04F79EFBC}") = "SlimBus.App.Tests", "SlimBus.ApiEndpoints\SlimBus.App.Tests\SlimBus.App.Tests.csproj", "{DEE2D6D9-A9DF-4C09-B2BE-6020FB7FF57F}"
EndProject
Project("{FAE04EC0-301F-11D3-BF4B-00C04F79EFBC}") = "SlimBus.Api", "SlimBus.ApiEndpoints\SlimBus.Api\SlimBus.Api.csproj", "{8F9B24BC-C17B-40C3-A2EC-34737951154C}"
EndProject
Project("{2150E333-8FDC-42A3-9474-1A3956D46DE8}") = "Files", "Files", "{DE144418-A998-49D3-B4D0-98974A02AFC4}"
	ProjectSection(SolutionItems) = preProject
		global.json = global.json
		Directory.Packages.props = Directory.Packages.props
		coverage.runsettings = coverage.runsettings
	EndProjectSection
EndProject
Project("{FAE04EC0-301F-11D3-BF4B-00C04F79EFBC}") = "SlimBus.AppHost", "SlimBus.ApiEndpoints\SlimBus.AppHost\SlimBus.AppHost.csproj", "{EAB0ED23-FF31-45B9-A59B-9D0B78B677EC}"
EndProject
Global
	GlobalSection(SolutionConfigurationPlatforms) = preSolution
		Debug|Any CPU = Debug|Any CPU
		Release|Any CPU = Release|Any CPU
	EndGlobalSection
	GlobalSection(ProjectConfigurationPlatforms) = postSolution
		{F18DEA7D-11DE-4EC3-9FC6-7F2AAC1AA511}.Debug|Any CPU.ActiveCfg = Debug|Any CPU
		{F18DEA7D-11DE-4EC3-9FC6-7F2AAC1AA511}.Debug|Any CPU.Build.0 = Debug|Any CPU
		{F18DEA7D-11DE-4EC3-9FC6-7F2AAC1AA511}.Release|Any CPU.ActiveCfg = Release|Any CPU
		{F18DEA7D-11DE-4EC3-9FC6-7F2AAC1AA511}.Release|Any CPU.Build.0 = Release|Any CPU
		{B801C80D-7DDC-44ED-8FCD-E190A9BAF412}.Debug|Any CPU.ActiveCfg = Debug|Any CPU
		{B801C80D-7DDC-44ED-8FCD-E190A9BAF412}.Debug|Any CPU.Build.0 = Debug|Any CPU
		{B801C80D-7DDC-44ED-8FCD-E190A9BAF412}.Release|Any CPU.ActiveCfg = Release|Any CPU
		{B801C80D-7DDC-44ED-8FCD-E190A9BAF412}.Release|Any CPU.Build.0 = Release|Any CPU
		{6D8041F2-76CA-4360-98DF-A02083827EDE}.Debug|Any CPU.ActiveCfg = Debug|Any CPU
		{6D8041F2-76CA-4360-98DF-A02083827EDE}.Debug|Any CPU.Build.0 = Debug|Any CPU
		{6D8041F2-76CA-4360-98DF-A02083827EDE}.Release|Any CPU.ActiveCfg = Release|Any CPU
		{6D8041F2-76CA-4360-98DF-A02083827EDE}.Release|Any CPU.Build.0 = Release|Any CPU
		{CC11A264-30B6-4069-8DFA-AFCA8177A01E}.Debug|Any CPU.ActiveCfg = Debug|Any CPU
		{CC11A264-30B6-4069-8DFA-AFCA8177A01E}.Debug|Any CPU.Build.0 = Debug|Any CPU
		{CC11A264-30B6-4069-8DFA-AFCA8177A01E}.Release|Any CPU.ActiveCfg = Release|Any CPU
		{CC11A264-30B6-4069-8DFA-AFCA8177A01E}.Release|Any CPU.Build.0 = Release|Any CPU
		{DEE2D6D9-A9DF-4C09-B2BE-6020FB7FF57F}.Debug|Any CPU.ActiveCfg = Debug|Any CPU
		{DEE2D6D9-A9DF-4C09-B2BE-6020FB7FF57F}.Debug|Any CPU.Build.0 = Debug|Any CPU
		{DEE2D6D9-A9DF-4C09-B2BE-6020FB7FF57F}.Release|Any CPU.ActiveCfg = Release|Any CPU
		{DEE2D6D9-A9DF-4C09-B2BE-6020FB7FF57F}.Release|Any CPU.Build.0 = Release|Any CPU
		{8F9B24BC-C17B-40C3-A2EC-34737951154C}.Debug|Any CPU.ActiveCfg = Debug|Any CPU
		{8F9B24BC-C17B-40C3-A2EC-34737951154C}.Debug|Any CPU.Build.0 = Debug|Any CPU
		{8F9B24BC-C17B-40C3-A2EC-34737951154C}.Release|Any CPU.ActiveCfg = Release|Any CPU
		{8F9B24BC-C17B-40C3-A2EC-34737951154C}.Release|Any CPU.Build.0 = Release|Any CPU
		{EAB0ED23-FF31-45B9-A59B-9D0B78B677EC}.Debug|Any CPU.ActiveCfg = Debug|Any CPU
		{EAB0ED23-FF31-45B9-A59B-9D0B78B677EC}.Debug|Any CPU.Build.0 = Debug|Any CPU
		{EAB0ED23-FF31-45B9-A59B-9D0B78B677EC}.Release|Any CPU.ActiveCfg = Release|Any CPU
		{EAB0ED23-FF31-45B9-A59B-9D0B78B677EC}.Release|Any CPU.Build.0 = Release|Any CPU
	EndGlobalSection
	GlobalSection(NestedProjects) = preSolution
		{F18DEA7D-11DE-4EC3-9FC6-7F2AAC1AA511} = {5217F0FC-7FBA-4FB2-9B86-9BCD8969049E}
		{B801C80D-7DDC-44ED-8FCD-E190A9BAF412} = {5217F0FC-7FBA-4FB2-9B86-9BCD8969049E}
		{6D8041F2-76CA-4360-98DF-A02083827EDE} = {5217F0FC-7FBA-4FB2-9B86-9BCD8969049E}
		{CC11A264-30B6-4069-8DFA-AFCA8177A01E} = {5217F0FC-7FBA-4FB2-9B86-9BCD8969049E}
		{DEE2D6D9-A9DF-4C09-B2BE-6020FB7FF57F} = {5217F0FC-7FBA-4FB2-9B86-9BCD8969049E}
		{8F9B24BC-C17B-40C3-A2EC-34737951154C} = {5217F0FC-7FBA-4FB2-9B86-9BCD8969049E}
		{EAB0ED23-FF31-45B9-A59B-9D0B78B677EC} = {5217F0FC-7FBA-4FB2-9B86-9BCD8969049E}
	EndGlobalSection
EndGlobal
